
Microsoft Visual Studio Solution File, Format Version 12.00
# Visual Studio Version 17
VisualStudioVersion = 17.2.32630.192
MinimumVisualStudioVersion = 10.0.40219.1
Project("{9A19103F-16F7-4668-BE54-9A1E7A4F7556}") = "Business", "Business\Business.csproj", "{09EEB910-E2E3-4D59-82C9-FCDDFF4B791D}"
EndProject
Project("{9A19103F-16F7-4668-BE54-9A1E7A4F7556}") = "DataAccess", "DataAccess\DataAccess.csproj", "{8B339058-E39A-4D0C-99CD-843A0F679453}"
EndProject
Project("{9A19103F-16F7-4668-BE54-9A1E7A4F7556}") = "Entities", "Entities\Entities.csproj", "{7EE2934C-D8F0-44A8-A4C2-54352A4A6861}"
EndProject
Project("{9A19103F-16F7-4668-BE54-9A1E7A4F7556}") = "UI", "Login\UI.csproj", "{F7140E71-8B43-48CF-8468-3A6810C778D3}"
EndProject
Project("{2150E333-8FDC-42A3-9474-1A3956D46DE8}") = "Solution Items", "Solution Items", "{E94BA8FD-E96E-484A-894A-88A1693A770A}"
	ProjectSection(SolutionItems) = preProject
		.editorconfig = .editorconfig
	EndProjectSection
EndProject
Project("{9A19103F-16F7-4668-BE54-9A1E7A4F7556}") = "Core", "Core\Core.csproj", "{E353FF09-77F9-45E8-A322-A1C1D4CEF37C}"
EndProject
Project("{9A19103F-16F7-4668-BE54-9A1E7A4F7556}") = "WebAPI", "WebAPI\WebAPI.csproj", "{CF81A9F6-B977-4161-B00F-A68E4BF572E7}"
EndProject
Global
	GlobalSection(SolutionConfigurationPlatforms) = preSolution
		Debug|Any CPU = Debug|Any CPU
		Release|Any CPU = Release|Any CPU
	EndGlobalSection
	GlobalSection(ProjectConfigurationPlatforms) = postSolution
		{09EEB910-E2E3-4D59-82C9-FCDDFF4B791D}.Debug|Any CPU.ActiveCfg = Debug|Any CPU
		{09EEB910-E2E3-4D59-82C9-FCDDFF4B791D}.Debug|Any CPU.Build.0 = Debug|Any CPU
		{09EEB910-E2E3-4D59-82C9-FCDDFF4B791D}.Release|Any CPU.ActiveCfg = Release|Any CPU
		{09EEB910-E2E3-4D59-82C9-FCDDFF4B791D}.Release|Any CPU.Build.0 = Release|Any CPU
		{8B339058-E39A-4D0C-99CD-843A0F679453}.Debug|Any CPU.ActiveCfg = Debug|Any CPU
		{8B339058-E39A-4D0C-99CD-843A0F679453}.Debug|Any CPU.Build.0 = Debug|Any CPU
		{8B339058-E39A-4D0C-99CD-843A0F679453}.Release|Any CPU.ActiveCfg = Release|Any CPU
		{8B339058-E39A-4D0C-99CD-843A0F679453}.Release|Any CPU.Build.0 = Release|Any CPU
		{7EE2934C-D8F0-44A8-A4C2-54352A4A6861}.Debug|Any CPU.ActiveCfg = Debug|Any CPU
		{7EE2934C-D8F0-44A8-A4C2-54352A4A6861}.Debug|Any CPU.Build.0 = Debug|Any CPU
		{7EE2934C-D8F0-44A8-A4C2-54352A4A6861}.Release|Any CPU.ActiveCfg = Release|Any CPU
		{7EE2934C-D8F0-44A8-A4C2-54352A4A6861}.Release|Any CPU.Build.0 = Release|Any CPU
		{F7140E71-8B43-48CF-8468-3A6810C778D3}.Debug|Any CPU.ActiveCfg = Debug|Any CPU
		{F7140E71-8B43-48CF-8468-3A6810C778D3}.Debug|Any CPU.Build.0 = Debug|Any CPU
		{F7140E71-8B43-48CF-8468-3A6810C778D3}.Release|Any CPU.ActiveCfg = Release|Any CPU
		{F7140E71-8B43-48CF-8468-3A6810C778D3}.Release|Any CPU.Build.0 = Release|Any CPU
		{E353FF09-77F9-45E8-A322-A1C1D4CEF37C}.Debug|Any CPU.ActiveCfg = Debug|Any CPU
		{E353FF09-77F9-45E8-A322-A1C1D4CEF37C}.Debug|Any CPU.Build.0 = Debug|Any CPU
		{E353FF09-77F9-45E8-A322-A1C1D4CEF37C}.Release|Any CPU.ActiveCfg = Release|Any CPU
		{E353FF09-77F9-45E8-A322-A1C1D4CEF37C}.Release|Any CPU.Build.0 = Release|Any CPU
		{CF81A9F6-B977-4161-B00F-A68E4BF572E7}.Debug|Any CPU.ActiveCfg = Debug|Any CPU
		{CF81A9F6-B977-4161-B00F-A68E4BF572E7}.Debug|Any CPU.Build.0 = Debug|Any CPU
		{CF81A9F6-B977-4161-B00F-A68E4BF572E7}.Release|Any CPU.ActiveCfg = Release|Any CPU
		{CF81A9F6-B977-4161-B00F-A68E4BF572E7}.Release|Any CPU.Build.0 = Release|Any CPU
	EndGlobalSection
	GlobalSection(SolutionProperties) = preSolution
		HideSolutionNode = FALSE
	EndGlobalSection
	GlobalSection(ExtensibilityGlobals) = postSolution
		SolutionGuid = {2BEED850-3F95-499F-B67B-FECE7E758BEA}
	EndGlobalSection
EndGlobal
